
Microsoft Visual Studio Solution File, Format Version 12.00
# Visual Studio Version 17
VisualStudioVersion = 17.11.35222.181
MinimumVisualStudioVersion = 10.0.40219.1
Project("{FAE04EC0-301F-11D3-BF4B-00C04F79EFBC}") = "AriendaBoracNuarinSatouqiualab2", "AriendaBoracNuarinSatouqiualab2\AriendaBoracNuarinSatouqiualab2.csproj", "{E1ECEBB9-1BDF-4CED-B136-DE8C17AB0353}"
EndProject
Global
	GlobalSection(SolutionConfigurationPlatforms) = preSolution
		Debug|Any CPU = Debug|Any CPU
		Release|Any CPU = Release|Any CPU
	EndGlobalSection
	GlobalSection(ProjectConfigurationPlatforms) = postSolution
		{E1ECEBB9-1BDF-4CED-B136-DE8C17AB0353}.Debug|Any CPU.ActiveCfg = Debug|Any CPU
		{E1ECEBB9-1BDF-4CED-B136-DE8C17AB0353}.Debug|Any CPU.Build.0 = Debug|Any CPU
		{E1ECEBB9-1BDF-4CED-B136-DE8C17AB0353}.Release|Any CPU.ActiveCfg = Release|Any CPU
		{E1ECEBB9-1BDF-4CED-B136-DE8C17AB0353}.Release|Any CPU.Build.0 = Release|Any CPU
	EndGlobalSection
	GlobalSection(SolutionProperties) = preSolution
		HideSolutionNode = FALSE
	EndGlobalSection
	GlobalSection(ExtensibilityGlobals) = postSolution
		SolutionGuid = {C5D6A9EE-02C3-4DB6-8162-20B68193B08C}
	EndGlobalSection
EndGlobal
